
Microsoft Visual Studio Solution File, Format Version 12.00
# Visual Studio Version 17
VisualStudioVersion = 17.7.34221.43
MinimumVisualStudioVersion = 10.0.40219.1
Project("{FAE04EC0-301F-11D3-BF4B-00C04F79EFBC}") = "NZWalk.API", "NZWalk.API\NZWalk.API.csproj", "{DEA9E05B-758F-4E1F-8BB2-8FD6191AFC6C}"
EndProject
Global
	GlobalSection(SolutionConfigurationPlatforms) = preSolution
		Debug|Any CPU = Debug|Any CPU
		Release|Any CPU = Release|Any CPU
	EndGlobalSection
	GlobalSection(ProjectConfigurationPlatforms) = postSolution
		{DEA9E05B-758F-4E1F-8BB2-8FD6191AFC6C}.Debug|Any CPU.ActiveCfg = Debug|Any CPU
		{DEA9E05B-758F-4E1F-8BB2-8FD6191AFC6C}.Debug|Any CPU.Build.0 = Debug|Any CPU
		{DEA9E05B-758F-4E1F-8BB2-8FD6191AFC6C}.Release|Any CPU.ActiveCfg = Release|Any CPU
		{DEA9E05B-758F-4E1F-8BB2-8FD6191AFC6C}.Release|Any CPU.Build.0 = Release|Any CPU
	EndGlobalSection
	GlobalSection(SolutionProperties) = preSolution
		HideSolutionNode = FALSE
	EndGlobalSection
	GlobalSection(ExtensibilityGlobals) = postSolution
		SolutionGuid = {EF4FB0B1-805C-466A-84CA-90FE63CBCD24}
	EndGlobalSection
EndGlobal
